
Microsoft Visual Studio Solution File, Format Version 12.00
# Visual Studio Version 16
VisualStudioVersion = 16.0.31229.75
MinimumVisualStudioVersion = 10.0.40219.1
Project("{FAE04EC0-301F-11D3-BF4B-00C04F79EFBC}") = "DesignPatternLearningStructural", "DesignPatternLearningStructural\DesignPatternLearningStructural.csproj", "{8288ED3B-7E12-4F6E-AEEB-47AE4F0968BC}"
EndProject
Project("{FAE04EC0-301F-11D3-BF4B-00C04F79EFBC}") = "Adapter", "Adapter\Adapter.csproj", "{F95AF6B8-F3F3-4CC7-81C6-18EC3FAC4A46}"
EndProject
Project("{FAE04EC0-301F-11D3-BF4B-00C04F79EFBC}") = "Bridge", "Bridge\Bridge.csproj", "{B9242F52-FB09-41F6-8030-33FAA1858B2B}"
EndProject
Project("{FAE04EC0-301F-11D3-BF4B-00C04F79EFBC}") = "Composite", "Composite\Composite.csproj", "{D9A6ED82-17C0-4FE4-9DF6-2AC2E5364C6C}"
EndProject
Project("{FAE04EC0-301F-11D3-BF4B-00C04F79EFBC}") = "Decorator", "Decorator\Decorator.csproj", "{F3038FA5-4D6A-4520-BFE2-184E902451D5}"
EndProject
Global
	GlobalSection(SolutionConfigurationPlatforms) = preSolution
		Debug|Any CPU = Debug|Any CPU
		Release|Any CPU = Release|Any CPU
	EndGlobalSection
	GlobalSection(ProjectConfigurationPlatforms) = postSolution
		{8288ED3B-7E12-4F6E-AEEB-47AE4F0968BC}.Debug|Any CPU.ActiveCfg = Debug|Any CPU
		{8288ED3B-7E12-4F6E-AEEB-47AE4F0968BC}.Debug|Any CPU.Build.0 = Debug|Any CPU
		{8288ED3B-7E12-4F6E-AEEB-47AE4F0968BC}.Release|Any CPU.ActiveCfg = Release|Any CPU
		{8288ED3B-7E12-4F6E-AEEB-47AE4F0968BC}.Release|Any CPU.Build.0 = Release|Any CPU
		{F95AF6B8-F3F3-4CC7-81C6-18EC3FAC4A46}.Debug|Any CPU.ActiveCfg = Debug|Any CPU
		{F95AF6B8-F3F3-4CC7-81C6-18EC3FAC4A46}.Debug|Any CPU.Build.0 = Debug|Any CPU
		{F95AF6B8-F3F3-4CC7-81C6-18EC3FAC4A46}.Release|Any CPU.ActiveCfg = Release|Any CPU
		{F95AF6B8-F3F3-4CC7-81C6-18EC3FAC4A46}.Release|Any CPU.Build.0 = Release|Any CPU
		{B9242F52-FB09-41F6-8030-33FAA1858B2B}.Debug|Any CPU.ActiveCfg = Debug|Any CPU
		{B9242F52-FB09-41F6-8030-33FAA1858B2B}.Debug|Any CPU.Build.0 = Debug|Any CPU
		{B9242F52-FB09-41F6-8030-33FAA1858B2B}.Release|Any CPU.ActiveCfg = Release|Any CPU
		{B9242F52-FB09-41F6-8030-33FAA1858B2B}.Release|Any CPU.Build.0 = Release|Any CPU
		{D9A6ED82-17C0-4FE4-9DF6-2AC2E5364C6C}.Debug|Any CPU.ActiveCfg = Debug|Any CPU
		{D9A6ED82-17C0-4FE4-9DF6-2AC2E5364C6C}.Debug|Any CPU.Build.0 = Debug|Any CPU
		{D9A6ED82-17C0-4FE4-9DF6-2AC2E5364C6C}.Release|Any CPU.ActiveCfg = Release|Any CPU
		{D9A6ED82-17C0-4FE4-9DF6-2AC2E5364C6C}.Release|Any CPU.Build.0 = Release|Any CPU
		{F3038FA5-4D6A-4520-BFE2-184E902451D5}.Debug|Any CPU.ActiveCfg = Debug|Any CPU
		{F3038FA5-4D6A-4520-BFE2-184E902451D5}.Debug|Any CPU.Build.0 = Debug|Any CPU
		{F3038FA5-4D6A-4520-BFE2-184E902451D5}.Release|Any CPU.ActiveCfg = Release|Any CPU
		{F3038FA5-4D6A-4520-BFE2-184E902451D5}.Release|Any CPU.Build.0 = Release|Any CPU
	EndGlobalSection
	GlobalSection(SolutionProperties) = preSolution
		HideSolutionNode = FALSE
	EndGlobalSection
	GlobalSection(ExtensibilityGlobals) = postSolution
		SolutionGuid = {60528830-7B87-4C7E-A1E8-92AED9B14573}
	EndGlobalSection
EndGlobal
